
Microsoft Visual Studio Solution File, Format Version 12.00
# Visual Studio Version 17
VisualStudioVersion = 17.10.35201.131
MinimumVisualStudioVersion = 10.0.40219.1
Project("{9A19103F-16F7-4668-BE54-9A1E7A4F7556}") = "HMS.API", "HMS.API\HMS.API.csproj", "{6A0B1022-E589-4C0B-9DA0-459FB828592A}"
EndProject
Project("{FAE04EC0-301F-11D3-BF4B-00C04F79EFBC}") = "DataAccessLayer", "DataAccessLayer\DataAccessLayer.csproj", "{2014A5CE-E249-42AE-9A48-5281F0FCFEC3}"
EndProject
Project("{FAE04EC0-301F-11D3-BF4B-00C04F79EFBC}") = "BusinessLayer", "BusinessLayer\BusinessLayer.csproj", "{3DD03782-C78A-4E94-BFE6-A188B6AB81F0}"
EndProject
Project("{FAE04EC0-301F-11D3-BF4B-00C04F79EFBC}") = "HMSApi.Tests", "HMSApi.Tests\HMSApi.Tests.csproj", "{358545C8-B3EF-4BCC-ACDA-C1216347AC09}"
EndProject
Project("{FAE04EC0-301F-11D3-BF4B-00C04F79EFBC}") = "SharedClasses", "SharedClasses\SharedClasses.csproj", "{A90307C0-CD40-46B4-8CD9-CD7D999B6945}"
EndProject
Global
	GlobalSection(SolutionConfigurationPlatforms) = preSolution
		Debug|Any CPU = Debug|Any CPU
		Release|Any CPU = Release|Any CPU
	EndGlobalSection
	GlobalSection(ProjectConfigurationPlatforms) = postSolution
		{6A0B1022-E589-4C0B-9DA0-459FB828592A}.Debug|Any CPU.ActiveCfg = Debug|Any CPU
		{6A0B1022-E589-4C0B-9DA0-459FB828592A}.Debug|Any CPU.Build.0 = Debug|Any CPU
		{6A0B1022-E589-4C0B-9DA0-459FB828592A}.Release|Any CPU.ActiveCfg = Release|Any CPU
		{6A0B1022-E589-4C0B-9DA0-459FB828592A}.Release|Any CPU.Build.0 = Release|Any CPU
		{2014A5CE-E249-42AE-9A48-5281F0FCFEC3}.Debug|Any CPU.ActiveCfg = Debug|Any CPU
		{2014A5CE-E249-42AE-9A48-5281F0FCFEC3}.Debug|Any CPU.Build.0 = Debug|Any CPU
		{2014A5CE-E249-42AE-9A48-5281F0FCFEC3}.Release|Any CPU.ActiveCfg = Release|Any CPU
		{2014A5CE-E249-42AE-9A48-5281F0FCFEC3}.Release|Any CPU.Build.0 = Release|Any CPU
		{3DD03782-C78A-4E94-BFE6-A188B6AB81F0}.Debug|Any CPU.ActiveCfg = Debug|Any CPU
		{3DD03782-C78A-4E94-BFE6-A188B6AB81F0}.Debug|Any CPU.Build.0 = Debug|Any CPU
		{3DD03782-C78A-4E94-BFE6-A188B6AB81F0}.Release|Any CPU.ActiveCfg = Release|Any CPU
		{3DD03782-C78A-4E94-BFE6-A188B6AB81F0}.Release|Any CPU.Build.0 = Release|Any CPU
		{358545C8-B3EF-4BCC-ACDA-C1216347AC09}.Debug|Any CPU.ActiveCfg = Debug|Any CPU
		{358545C8-B3EF-4BCC-ACDA-C1216347AC09}.Debug|Any CPU.Build.0 = Debug|Any CPU
		{358545C8-B3EF-4BCC-ACDA-C1216347AC09}.Release|Any CPU.ActiveCfg = Release|Any CPU
		{358545C8-B3EF-4BCC-ACDA-C1216347AC09}.Release|Any CPU.Build.0 = Release|Any CPU
		{A90307C0-CD40-46B4-8CD9-CD7D999B6945}.Debug|Any CPU.ActiveCfg = Debug|Any CPU
		{A90307C0-CD40-46B4-8CD9-CD7D999B6945}.Debug|Any CPU.Build.0 = Debug|Any CPU
		{A90307C0-CD40-46B4-8CD9-CD7D999B6945}.Release|Any CPU.ActiveCfg = Release|Any CPU
		{A90307C0-CD40-46B4-8CD9-CD7D999B6945}.Release|Any CPU.Build.0 = Release|Any CPU
	EndGlobalSection
	GlobalSection(SolutionProperties) = preSolution
		HideSolutionNode = FALSE
	EndGlobalSection
	GlobalSection(ExtensibilityGlobals) = postSolution
		SolutionGuid = {18A2BB78-3F67-47A0-9495-0394BA2137B6}
	EndGlobalSection
EndGlobal
